
Microsoft Visual Studio Solution File, Format Version 12.00
# Visual Studio 15
VisualStudioVersion = 15.0.27703.2035
MinimumVisualStudioVersion = 10.0.40219.1
Project("{9A19103F-16F7-4668-BE54-9A1E7A4F7556}") = "PacketSniffer", "PacketSniffer.csproj", "{0D091BA3-560A-4181-B913-9E1F59AC9234}"
EndProject
Project("{9A19103F-16F7-4668-BE54-9A1E7A4F7556}") = "ArthasLib", "..\ArthasLib\ArthasLib.csproj", "{A3B0AF8B-DDEC-4B17-B18D-6C39D0BB107A}"
EndProject
Global
	GlobalSection(SolutionConfigurationPlatforms) = preSolution
		Debug|Any CPU = Debug|Any CPU
		Release|Any CPU = Release|Any CPU
	EndGlobalSection
	GlobalSection(ProjectConfigurationPlatforms) = postSolution
		{0D091BA3-560A-4181-B913-9E1F59AC9234}.Debug|Any CPU.ActiveCfg = Debug|Any CPU
		{0D091BA3-560A-4181-B913-9E1F59AC9234}.Debug|Any CPU.Build.0 = Debug|Any CPU
		{0D091BA3-560A-4181-B913-9E1F59AC9234}.Release|Any CPU.ActiveCfg = Release|Any CPU
		{0D091BA3-560A-4181-B913-9E1F59AC9234}.Release|Any CPU.Build.0 = Release|Any CPU
		{A3B0AF8B-DDEC-4B17-B18D-6C39D0BB107A}.Debug|Any CPU.ActiveCfg = Debug|Any CPU
		{A3B0AF8B-DDEC-4B17-B18D-6C39D0BB107A}.Debug|Any CPU.Build.0 = Debug|Any CPU
		{A3B0AF8B-DDEC-4B17-B18D-6C39D0BB107A}.Release|Any CPU.ActiveCfg = Release|Any CPU
		{A3B0AF8B-DDEC-4B17-B18D-6C39D0BB107A}.Release|Any CPU.Build.0 = Release|Any CPU
	EndGlobalSection
	GlobalSection(SolutionProperties) = preSolution
		HideSolutionNode = FALSE
	EndGlobalSection
	GlobalSection(ExtensibilityGlobals) = postSolution
		SolutionGuid = {B0493C58-2CD5-4EB5-B318-4AF410204585}
	EndGlobalSection
EndGlobal
